
Microsoft Visual Studio Solution File, Format Version 12.00
# Visual Studio Version 17
VisualStudioVersion = 17.7.34031.279
MinimumVisualStudioVersion = 10.0.40219.1
Project("{2150E333-8FDC-42A3-9474-1A3956D46DE8}") = "IdentityServer", "IdentityServer", "{64E782B0-2508-4AD1-83EE-86021E4CB227}"
EndProject
Project("{2150E333-8FDC-42A3-9474-1A3956D46DE8}") = "ApiGateways", "ApiGateways", "{9B4C51F6-1AF4-4113-B110-68BB5B20DFB5}"
EndProject
Project("{2150E333-8FDC-42A3-9474-1A3956D46DE8}") = "Services", "Services", "{84A5D951-F812-4FCC-BB36-6A2FCA60DAFE}"
EndProject
Project("{2150E333-8FDC-42A3-9474-1A3956D46DE8}") = "SolutionItems", "SolutionItems", "{59170C69-0376-439C-8725-4AA6F79C6FF0}"
	ProjectSection(SolutionItems) = preProject
		Ports.txt = Ports.txt
	EndProjectSection
EndProject
Project("{2150E333-8FDC-42A3-9474-1A3956D46DE8}") = "Alpata.ApiGateway", "Alpata.ApiGateway", "{B3A4647D-7B63-4B1F-955C-A1B130118115}"
EndProject
Project("{9A19103F-16F7-4668-BE54-9A1E7A4F7556}") = "Alpata.Gateway", "ApiGateways\Alpata.ApiGateway\Alpata.Gateway\Alpata.Gateway.csproj", "{A16D90F8-46B6-4498-8355-692F57B8CF84}"
EndProject
Project("{9A19103F-16F7-4668-BE54-9A1E7A4F7556}") = "Alpata.IdentityServer", "IdentityServer\Alpata.IdentityServer.csproj", "{4D30E1BF-0292-4079-BD75-175BEBA92AF9}"
EndProject
Project("{2150E333-8FDC-42A3-9474-1A3956D46DE8}") = "Meeting.Microservice", "Meeting.Microservice", "{A4709490-43F7-4B24-AD6A-2E62297F9006}"
EndProject
Project("{FAE04EC0-301F-11D3-BF4B-00C04F79EFBC}") = "Meeting.Business", "Services\Meeting.Microservice\Meeting.Business\Meeting.Business.csproj", "{03D28F58-7060-47AB-AB19-2BFBAA38A1BD}"
EndProject
Project("{FAE04EC0-301F-11D3-BF4B-00C04F79EFBC}") = "Meeting.Entities", "Services\Meeting.Microservice\Meeting.Entities\Meeting.Entities.csproj", "{BF91458E-6B27-4C25-A765-50533AEE055F}"
EndProject
Project("{FAE04EC0-301F-11D3-BF4B-00C04F79EFBC}") = "Meeting.Dtos", "Services\Meeting.Microservice\Meeting.Dtos\Meeting.Dtos.csproj", "{78A7CF07-A700-46CC-9C46-66963DCD76B9}"
EndProject
Project("{FAE04EC0-301F-11D3-BF4B-00C04F79EFBC}") = "Meeting.Dal.Int", "Services\Meeting.Microservice\Meeting.Dal.Int\Meeting.Dal.Int.csproj", "{64D04D99-90C6-43C2-8AC3-E9520D6E0FD5}"
EndProject
Project("{FAE04EC0-301F-11D3-BF4B-00C04F79EFBC}") = "Meeting.Dal.EF", "Services\Meeting.Microservice\Meeting.Dal.EF\Meeting.Dal.EF.csproj", "{DB770CDC-21B0-4C2F-B034-529606B032EA}"
EndProject
Project("{FAE04EC0-301F-11D3-BF4B-00C04F79EFBC}") = "Meeting.Dal", "Services\Meeting.Microservice\Meeting.Dal\Meeting.Dal.csproj", "{D91D02DB-28A8-4CC1-8566-C0E85F062880}"
EndProject
Project("{FAE04EC0-301F-11D3-BF4B-00C04F79EFBC}") = "Meeting.Core", "Services\Meeting.Microservice\Meeting.Core\Meeting.Core.csproj", "{BC652E6F-7B69-4ECF-B5FE-A0DEE8682970}"
EndProject
Project("{FAE04EC0-301F-11D3-BF4B-00C04F79EFBC}") = "Meeting.Ent.Conf", "Services\Meeting.Microservice\Meeting.Ent.Conf\Meeting.Ent.Conf.csproj", "{593E2657-AB13-40BA-9FF1-6398F3B5BF35}"
EndProject
Project("{FAE04EC0-301F-11D3-BF4B-00C04F79EFBC}") = "Meeting.WebApi", "Services\Meeting.Microservice\Meeting.WebApi\Meeting.WebApi.csproj", "{40DFF4F6-B369-46F5-92DD-C61A26BA5846}"
EndProject
Global
	GlobalSection(SolutionConfigurationPlatforms) = preSolution
		Debug|Any CPU = Debug|Any CPU
		Release|Any CPU = Release|Any CPU
	EndGlobalSection
	GlobalSection(ProjectConfigurationPlatforms) = postSolution
		{A16D90F8-46B6-4498-8355-692F57B8CF84}.Debug|Any CPU.ActiveCfg = Debug|Any CPU
		{A16D90F8-46B6-4498-8355-692F57B8CF84}.Debug|Any CPU.Build.0 = Debug|Any CPU
		{A16D90F8-46B6-4498-8355-692F57B8CF84}.Release|Any CPU.ActiveCfg = Release|Any CPU
		{A16D90F8-46B6-4498-8355-692F57B8CF84}.Release|Any CPU.Build.0 = Release|Any CPU
		{4D30E1BF-0292-4079-BD75-175BEBA92AF9}.Debug|Any CPU.ActiveCfg = Debug|Any CPU
		{4D30E1BF-0292-4079-BD75-175BEBA92AF9}.Debug|Any CPU.Build.0 = Debug|Any CPU
		{4D30E1BF-0292-4079-BD75-175BEBA92AF9}.Release|Any CPU.ActiveCfg = Release|Any CPU
		{4D30E1BF-0292-4079-BD75-175BEBA92AF9}.Release|Any CPU.Build.0 = Release|Any CPU
		{03D28F58-7060-47AB-AB19-2BFBAA38A1BD}.Debug|Any CPU.ActiveCfg = Debug|Any CPU
		{03D28F58-7060-47AB-AB19-2BFBAA38A1BD}.Debug|Any CPU.Build.0 = Debug|Any CPU
		{03D28F58-7060-47AB-AB19-2BFBAA38A1BD}.Release|Any CPU.ActiveCfg = Release|Any CPU
		{03D28F58-7060-47AB-AB19-2BFBAA38A1BD}.Release|Any CPU.Build.0 = Release|Any CPU
		{BF91458E-6B27-4C25-A765-50533AEE055F}.Debug|Any CPU.ActiveCfg = Debug|Any CPU
		{BF91458E-6B27-4C25-A765-50533AEE055F}.Debug|Any CPU.Build.0 = Debug|Any CPU
		{BF91458E-6B27-4C25-A765-50533AEE055F}.Release|Any CPU.ActiveCfg = Release|Any CPU
		{BF91458E-6B27-4C25-A765-50533AEE055F}.Release|Any CPU.Build.0 = Release|Any CPU
		{78A7CF07-A700-46CC-9C46-66963DCD76B9}.Debug|Any CPU.ActiveCfg = Debug|Any CPU
		{78A7CF07-A700-46CC-9C46-66963DCD76B9}.Debug|Any CPU.Build.0 = Debug|Any CPU
		{78A7CF07-A700-46CC-9C46-66963DCD76B9}.Release|Any CPU.ActiveCfg = Release|Any CPU
		{78A7CF07-A700-46CC-9C46-66963DCD76B9}.Release|Any CPU.Build.0 = Release|Any CPU
		{64D04D99-90C6-43C2-8AC3-E9520D6E0FD5}.Debug|Any CPU.ActiveCfg = Debug|Any CPU
		{64D04D99-90C6-43C2-8AC3-E9520D6E0FD5}.Debug|Any CPU.Build.0 = Debug|Any CPU
		{64D04D99-90C6-43C2-8AC3-E9520D6E0FD5}.Release|Any CPU.ActiveCfg = Release|Any CPU
		{64D04D99-90C6-43C2-8AC3-E9520D6E0FD5}.Release|Any CPU.Build.0 = Release|Any CPU
		{DB770CDC-21B0-4C2F-B034-529606B032EA}.Debug|Any CPU.ActiveCfg = Debug|Any CPU
		{DB770CDC-21B0-4C2F-B034-529606B032EA}.Debug|Any CPU.Build.0 = Debug|Any CPU
		{DB770CDC-21B0-4C2F-B034-529606B032EA}.Release|Any CPU.ActiveCfg = Release|Any CPU
		{DB770CDC-21B0-4C2F-B034-529606B032EA}.Release|Any CPU.Build.0 = Release|Any CPU
		{D91D02DB-28A8-4CC1-8566-C0E85F062880}.Debug|Any CPU.ActiveCfg = Debug|Any CPU
		{D91D02DB-28A8-4CC1-8566-C0E85F062880}.Debug|Any CPU.Build.0 = Debug|Any CPU
		{D91D02DB-28A8-4CC1-8566-C0E85F062880}.Release|Any CPU.ActiveCfg = Release|Any CPU
		{D91D02DB-28A8-4CC1-8566-C0E85F062880}.Release|Any CPU.Build.0 = Release|Any CPU
		{BC652E6F-7B69-4ECF-B5FE-A0DEE8682970}.Debug|Any CPU.ActiveCfg = Debug|Any CPU
		{BC652E6F-7B69-4ECF-B5FE-A0DEE8682970}.Debug|Any CPU.Build.0 = Debug|Any CPU
		{BC652E6F-7B69-4ECF-B5FE-A0DEE8682970}.Release|Any CPU.ActiveCfg = Release|Any CPU
		{BC652E6F-7B69-4ECF-B5FE-A0DEE8682970}.Release|Any CPU.Build.0 = Release|Any CPU
		{593E2657-AB13-40BA-9FF1-6398F3B5BF35}.Debug|Any CPU.ActiveCfg = Debug|Any CPU
		{593E2657-AB13-40BA-9FF1-6398F3B5BF35}.Debug|Any CPU.Build.0 = Debug|Any CPU
		{593E2657-AB13-40BA-9FF1-6398F3B5BF35}.Release|Any CPU.ActiveCfg = Release|Any CPU
		{593E2657-AB13-40BA-9FF1-6398F3B5BF35}.Release|Any CPU.Build.0 = Release|Any CPU
		{40DFF4F6-B369-46F5-92DD-C61A26BA5846}.Debug|Any CPU.ActiveCfg = Debug|Any CPU
		{40DFF4F6-B369-46F5-92DD-C61A26BA5846}.Debug|Any CPU.Build.0 = Debug|Any CPU
		{40DFF4F6-B369-46F5-92DD-C61A26BA5846}.Release|Any CPU.ActiveCfg = Release|Any CPU
		{40DFF4F6-B369-46F5-92DD-C61A26BA5846}.Release|Any CPU.Build.0 = Release|Any CPU
	EndGlobalSection
	GlobalSection(SolutionProperties) = preSolution
		HideSolutionNode = FALSE
	EndGlobalSection
	GlobalSection(NestedProjects) = preSolution
		{B3A4647D-7B63-4B1F-955C-A1B130118115} = {9B4C51F6-1AF4-4113-B110-68BB5B20DFB5}
		{A16D90F8-46B6-4498-8355-692F57B8CF84} = {B3A4647D-7B63-4B1F-955C-A1B130118115}
		{4D30E1BF-0292-4079-BD75-175BEBA92AF9} = {64E782B0-2508-4AD1-83EE-86021E4CB227}
		{A4709490-43F7-4B24-AD6A-2E62297F9006} = {84A5D951-F812-4FCC-BB36-6A2FCA60DAFE}
		{03D28F58-7060-47AB-AB19-2BFBAA38A1BD} = {A4709490-43F7-4B24-AD6A-2E62297F9006}
		{BF91458E-6B27-4C25-A765-50533AEE055F} = {A4709490-43F7-4B24-AD6A-2E62297F9006}
		{78A7CF07-A700-46CC-9C46-66963DCD76B9} = {A4709490-43F7-4B24-AD6A-2E62297F9006}
		{64D04D99-90C6-43C2-8AC3-E9520D6E0FD5} = {A4709490-43F7-4B24-AD6A-2E62297F9006}
		{DB770CDC-21B0-4C2F-B034-529606B032EA} = {A4709490-43F7-4B24-AD6A-2E62297F9006}
		{D91D02DB-28A8-4CC1-8566-C0E85F062880} = {A4709490-43F7-4B24-AD6A-2E62297F9006}
		{BC652E6F-7B69-4ECF-B5FE-A0DEE8682970} = {A4709490-43F7-4B24-AD6A-2E62297F9006}
		{593E2657-AB13-40BA-9FF1-6398F3B5BF35} = {A4709490-43F7-4B24-AD6A-2E62297F9006}
		{40DFF4F6-B369-46F5-92DD-C61A26BA5846} = {A4709490-43F7-4B24-AD6A-2E62297F9006}
	EndGlobalSection
	GlobalSection(ExtensibilityGlobals) = postSolution
		SolutionGuid = {1837AEFF-B401-4E1F-BD77-2A4BDA3FDA40}
	EndGlobalSection
EndGlobal
